
Microsoft Visual Studio Solution File, Format Version 12.00
# Visual Studio Version 17
VisualStudioVersion = 17.7.34024.191
MinimumVisualStudioVersion = 10.0.40219.1
Project("{9A19103F-16F7-4668-BE54-9A1E7A4F7556}") = "BlazorMaterialWeb", "BlazorMaterialWeb\BlazorMaterialWeb.csproj", "{A237FF36-AD62-4D52-A17F-5D37EB873DB8}"
EndProject
Project("{9A19103F-16F7-4668-BE54-9A1E7A4F7556}") = "BlazorMaterialWeb.Demo", "BlazorMaterialWeb.Demo\BlazorMaterialWeb.Demo.csproj", "{A7E06DAF-3487-47B3-9D19-F341B9B8082C}"
EndProject
Project("{2150E333-8FDC-42A3-9474-1A3956D46DE8}") = "Solution Items", "Solution Items", "{FDADCE8A-DECA-462E-81CB-E9F778D74DCC}"
	ProjectSection(SolutionItems) = preProject
		.github\workflows\build-github-pages.yml = .github\workflows\build-github-pages.yml
		LICENSE.MD = LICENSE.MD
		pack.ps1 = pack.ps1
		README.MD = README.MD
	EndProjectSection
EndProject
Project("{9A19103F-16F7-4668-BE54-9A1E7A4F7556}") = "BlazorMaterialWeb.Bundled", "BlazorMaterialWeb.Bundled\BlazorMaterialWeb.Bundled.csproj", "{60E95BE5-10D7-4888-8F4A-3F0C93B6DB25}"
EndProject
Global
	GlobalSection(SolutionConfigurationPlatforms) = preSolution
		Debug|Any CPU = Debug|Any CPU
		Release|Any CPU = Release|Any CPU
	EndGlobalSection
	GlobalSection(ProjectConfigurationPlatforms) = postSolution
		{A237FF36-AD62-4D52-A17F-5D37EB873DB8}.Debug|Any CPU.ActiveCfg = Debug|Any CPU
		{A237FF36-AD62-4D52-A17F-5D37EB873DB8}.Debug|Any CPU.Build.0 = Debug|Any CPU
		{A237FF36-AD62-4D52-A17F-5D37EB873DB8}.Release|Any CPU.ActiveCfg = Release|Any CPU
		{A237FF36-AD62-4D52-A17F-5D37EB873DB8}.Release|Any CPU.Build.0 = Release|Any CPU
		{A7E06DAF-3487-47B3-9D19-F341B9B8082C}.Debug|Any CPU.ActiveCfg = Debug|Any CPU
		{A7E06DAF-3487-47B3-9D19-F341B9B8082C}.Debug|Any CPU.Build.0 = Debug|Any CPU
		{A7E06DAF-3487-47B3-9D19-F341B9B8082C}.Release|Any CPU.ActiveCfg = Release|Any CPU
		{A7E06DAF-3487-47B3-9D19-F341B9B8082C}.Release|Any CPU.Build.0 = Release|Any CPU
		{60E95BE5-10D7-4888-8F4A-3F0C93B6DB25}.Debug|Any CPU.ActiveCfg = Debug|Any CPU
		{60E95BE5-10D7-4888-8F4A-3F0C93B6DB25}.Debug|Any CPU.Build.0 = Debug|Any CPU
		{60E95BE5-10D7-4888-8F4A-3F0C93B6DB25}.Release|Any CPU.ActiveCfg = Release|Any CPU
		{60E95BE5-10D7-4888-8F4A-3F0C93B6DB25}.Release|Any CPU.Build.0 = Release|Any CPU
	EndGlobalSection
	GlobalSection(SolutionProperties) = preSolution
		HideSolutionNode = FALSE
	EndGlobalSection
	GlobalSection(ExtensibilityGlobals) = postSolution
		SolutionGuid = {9CEE26F9-0666-4A8E-95F5-0AF1E073062F}
	EndGlobalSection
EndGlobal
